
Microsoft Visual Studio Solution File, Format Version 12.00
# Visual Studio 2012
Project("{FAE04EC0-301F-11D3-BF4B-00C04F79EFBC}") = "AlgoLib", "AlgoLib\AlgoLib.csproj", "{883D94F3-BF70-4860-A078-22348DBC568B}"
EndProject
Project("{FAE04EC0-301F-11D3-BF4B-00C04F79EFBC}") = "TestAlgoLib", "TestAlgoLib\TestAlgoLib.csproj", "{12DC6DE7-9487-41C9-A30A-7654D094DBBD}"
EndProject
Global
	GlobalSection(SolutionConfigurationPlatforms) = preSolution
		Debug|Any CPU = Debug|Any CPU
		Release|Any CPU = Release|Any CPU
	EndGlobalSection
	GlobalSection(ProjectConfigurationPlatforms) = postSolution
		{883D94F3-BF70-4860-A078-22348DBC568B}.Debug|Any CPU.ActiveCfg = Debug|Any CPU
		{883D94F3-BF70-4860-A078-22348DBC568B}.Debug|Any CPU.Build.0 = Debug|Any CPU
		{883D94F3-BF70-4860-A078-22348DBC568B}.Release|Any CPU.ActiveCfg = Release|Any CPU
		{883D94F3-BF70-4860-A078-22348DBC568B}.Release|Any CPU.Build.0 = Release|Any CPU
		{12DC6DE7-9487-41C9-A30A-7654D094DBBD}.Debug|Any CPU.ActiveCfg = Debug|Any CPU
		{12DC6DE7-9487-41C9-A30A-7654D094DBBD}.Debug|Any CPU.Build.0 = Debug|Any CPU
		{12DC6DE7-9487-41C9-A30A-7654D094DBBD}.Release|Any CPU.ActiveCfg = Release|Any CPU
		{12DC6DE7-9487-41C9-A30A-7654D094DBBD}.Release|Any CPU.Build.0 = Release|Any CPU
	EndGlobalSection
EndGlobal
